Microsoft Visual Studio Solution File, Format Version 12.00
# Visual Studio Version 17
VisualStudioVersion = 17.7.34024.191
MinimumVisualStudioVersion = 10.0.40219.1
Project("{9A19103F-16F7-4668-BE54-9A1E7A4F7556}") = "Toast", "Toast\Toast.csproj", "{5A2B14D2-E89F-440E-A099-8B3C35B307D0}"
EndProject
Project("{2150E333-8FDC-42A3-9474-1A3956D46DE8}") = "Samples", "Samples", "{1ADB9B1E-00DD-490E-A278-2687E0F4756F}"
EndProject
Project("{9A19103F-16F7-4668-BE54-9A1E7A4F7556}") = "ToastSample", "Samples\ToastSample\ToastSample.csproj", "{47A3B776-E71E-4ABA-BD9B-ABC703EC143B}"
EndProject
Global
	GlobalSection(SolutionConfigurationPlatforms) = preSolution
		Debug|Any CPU = Debug|Any CPU
		Debug|iPhone = Debug|iPhone
		Debug|iPhoneSimulator = Debug|iPhoneSimulator
		Release|Any CPU = Release|Any CPU
		Release|iPhone = Release|iPhone
		Release|iPhoneSimulator = Release|iPhoneSimulator
	EndGlobalSection
	GlobalSection(ProjectConfigurationPlatforms) = postSolution
		{5A2B14D2-E89F-440E-A099-8B3C35B307D0}.Debug|Any CPU.ActiveCfg = Debug|Any CPU
		{5A2B14D2-E89F-440E-A099-8B3C35B307D0}.Debug|Any CPU.Build.0 = Debug|Any CPU
		{5A2B14D2-E89F-440E-A099-8B3C35B307D0}.Debug|iPhone.ActiveCfg = Debug|Any CPU
		{5A2B14D2-E89F-440E-A099-8B3C35B307D0}.Debug|iPhone.Build.0 = Debug|Any CPU
		{5A2B14D2-E89F-440E-A099-8B3C35B307D0}.Debug|iPhoneSimulator.ActiveCfg = Debug|Any CPU
		{5A2B14D2-E89F-440E-A099-8B3C35B307D0}.Debug|iPhoneSimulator.Build.0 = Debug|Any CPU
		{5A2B14D2-E89F-440E-A099-8B3C35B307D0}.Release|Any CPU.ActiveCfg = Release|Any CPU
		{5A2B14D2-E89F-440E-A099-8B3C35B307D0}.Release|Any CPU.Build.0 = Release|Any CPU
		{5A2B14D2-E89F-440E-A099-8B3C35B307D0}.Release|iPhone.ActiveCfg = Release|Any CPU
		{5A2B14D2-E89F-440E-A099-8B3C35B307D0}.Release|iPhone.Build.0 = Release|Any CPU
		{5A2B14D2-E89F-440E-A099-8B3C35B307D0}.Release|iPhoneSimulator.ActiveCfg = Release|Any CPU
		{5A2B14D2-E89F-440E-A099-8B3C35B307D0}.Release|iPhoneSimulator.Build.0 = Release|Any CPU
		{47A3B776-E71E-4ABA-BD9B-ABC703EC143B}.Debug|Any CPU.ActiveCfg = Debug|Any CPU
		{47A3B776-E71E-4ABA-BD9B-ABC703EC143B}.Debug|Any CPU.Build.0 = Debug|Any CPU
		{47A3B776-E71E-4ABA-BD9B-ABC703EC143B}.Debug|Any CPU.Deploy.0 = Debug|Any CPU
		{47A3B776-E71E-4ABA-BD9B-ABC703EC143B}.Debug|iPhone.ActiveCfg = Debug|Any CPU
		{47A3B776-E71E-4ABA-BD9B-ABC703EC143B}.Debug|iPhone.Build.0 = Debug|Any CPU
		{47A3B776-E71E-4ABA-BD9B-ABC703EC143B}.Debug|iPhone.Deploy.0 = Debug|Any CPU
		{47A3B776-E71E-4ABA-BD9B-ABC703EC143B}.Debug|iPhoneSimulator.ActiveCfg = Debug|Any CPU
		{47A3B776-E71E-4ABA-BD9B-ABC703EC143B}.Debug|iPhoneSimulator.Build.0 = Debug|Any CPU
		{47A3B776-E71E-4ABA-BD9B-ABC703EC143B}.Debug|iPhoneSimulator.Deploy.0 = Debug|Any CPU
		{47A3B776-E71E-4ABA-BD9B-ABC703EC143B}.Release|Any CPU.ActiveCfg = Release|Any CPU
		{47A3B776-E71E-4ABA-BD9B-ABC703EC143B}.Release|Any CPU.Build.0 = Release|Any CPU
		{47A3B776-E71E-4ABA-BD9B-ABC703EC143B}.Release|Any CPU.Deploy.0 = Release|Any CPU
		{47A3B776-E71E-4ABA-BD9B-ABC703EC143B}.Release|iPhone.ActiveCfg = Release|Any CPU
		{47A3B776-E71E-4ABA-BD9B-ABC703EC143B}.Release|iPhone.Build.0 = Release|Any CPU
		{47A3B776-E71E-4ABA-BD9B-ABC703EC143B}.Release|iPhone.Deploy.0 = Release|Any CPU
		{47A3B776-E71E-4ABA-BD9B-ABC703EC143B}.Release|iPhoneSimulator.ActiveCfg = Release|Any CPU
		{47A3B776-E71E-4ABA-BD9B-ABC703EC143B}.Release|iPhoneSimulator.Build.0 = Release|Any CPU
		{47A3B776-E71E-4ABA-BD9B-ABC703EC143B}.Release|iPhoneSimulator.Deploy.0 = Release|Any CPU
	EndGlobalSection
	GlobalSection(SolutionProperties) = preSolution
		HideSolutionNode = FALSE
	EndGlobalSection
	GlobalSection(NestedProjects) = preSolution
		{47A3B776-E71E-4ABA-BD9B-ABC703EC143B} = {1ADB9B1E-00DD-490E-A278-2687E0F4756F}
	EndGlobalSection
EndGlobal
